
Microsoft Visual Studio Solution File, Format Version 12.00
# Visual Studio Version 17
VisualStudioVersion = 17.9.34728.123
MinimumVisualStudioVersion = 10.0.40219.1
Project("{FAE04EC0-301F-11D3-BF4B-00C04F79EFBC}") = "Sort", "Sort.csproj", "{3E9DFFC4-75CF-472D-9CE5-56957D78436D}"
EndProject
Global
	GlobalSection(SolutionConfigurationPlatforms) = preSolution
		Debug|Any CPU = Debug|Any CPU
		Release|Any CPU = Release|Any CPU
	EndGlobalSection
	GlobalSection(ProjectConfigurationPlatforms) = postSolution
		{3E9DFFC4-75CF-472D-9CE5-56957D78436D}.Debug|Any CPU.ActiveCfg = Debug|Any CPU
		{3E9DFFC4-75CF-472D-9CE5-56957D78436D}.Debug|Any CPU.Build.0 = Debug|Any CPU
		{3E9DFFC4-75CF-472D-9CE5-56957D78436D}.Release|Any CPU.ActiveCfg = Release|Any CPU
		{3E9DFFC4-75CF-472D-9CE5-56957D78436D}.Release|Any CPU.Build.0 = Release|Any CPU
	EndGlobalSection
	GlobalSection(SolutionProperties) = preSolution
		HideSolutionNode = FALSE
	EndGlobalSection
	GlobalSection(ExtensibilityGlobals) = postSolution
		SolutionGuid = {13C7C544-EFC9-4314-A583-CE0D81059A9E}
	EndGlobalSection
EndGlobal
