
Microsoft Visual Studio Solution File, Format Version 12.00
# Visual Studio Version 17
VisualStudioVersion = 17.9.34728.123
MinimumVisualStudioVersion = 10.0.40219.1
Project("{FAE04EC0-301F-11D3-BF4B-00C04F79EFBC}") = "Figure", "Figure.csproj", "{52A9A468-8F37-43E7-8108-AC7066C70950}"
EndProject
Global
	GlobalSection(SolutionConfigurationPlatforms) = preSolution
		Debug|Any CPU = Debug|Any CPU
		Release|Any CPU = Release|Any CPU
	EndGlobalSection
	GlobalSection(ProjectConfigurationPlatforms) = postSolution
		{52A9A468-8F37-43E7-8108-AC7066C70950}.Debug|Any CPU.ActiveCfg = Debug|Any CPU
		{52A9A468-8F37-43E7-8108-AC7066C70950}.Debug|Any CPU.Build.0 = Debug|Any CPU
		{52A9A468-8F37-43E7-8108-AC7066C70950}.Release|Any CPU.ActiveCfg = Release|Any CPU
		{52A9A468-8F37-43E7-8108-AC7066C70950}.Release|Any CPU.Build.0 = Release|Any CPU
	EndGlobalSection
	GlobalSection(SolutionProperties) = preSolution
		HideSolutionNode = FALSE
	EndGlobalSection
	GlobalSection(ExtensibilityGlobals) = postSolution
		SolutionGuid = {898A4669-B576-4D1C-996E-5B6B1438D3EC}
	EndGlobalSection
EndGlobal
